
Microsoft Visual Studio Solution File, Format Version 12.00
# Visual Studio Version 17
VisualStudioVersion = 17.2.32519.379
MinimumVisualStudioVersion = 10.0.40219.1
Project("{FAE04EC0-301F-11D3-BF4B-00C04F79EFBC}") = "GetAsyncKeyState Server", "GetAsyncKeyState Server\GetAsyncKeyState Server.csproj", "{7287CFBE-0E4F-4BBA-82A2-DE8A9FBA26E9}"
EndProject
Global
	GlobalSection(SolutionConfigurationPlatforms) = preSolution
		Debug|Any CPU = Debug|Any CPU
		Release|Any CPU = Release|Any CPU
	EndGlobalSection
	GlobalSection(ProjectConfigurationPlatforms) = postSolution
		{7287CFBE-0E4F-4BBA-82A2-DE8A9FBA26E9}.Debug|Any CPU.ActiveCfg = Debug|Any CPU
		{7287CFBE-0E4F-4BBA-82A2-DE8A9FBA26E9}.Debug|Any CPU.Build.0 = Debug|Any CPU
		{7287CFBE-0E4F-4BBA-82A2-DE8A9FBA26E9}.Release|Any CPU.ActiveCfg = Release|Any CPU
		{7287CFBE-0E4F-4BBA-82A2-DE8A9FBA26E9}.Release|Any CPU.Build.0 = Release|Any CPU
	EndGlobalSection
	GlobalSection(SolutionProperties) = preSolution
		HideSolutionNode = FALSE
	EndGlobalSection
	GlobalSection(ExtensibilityGlobals) = postSolution
		SolutionGuid = {4CCAC744-BBD7-4201-8EBE-8001444B0769}
	EndGlobalSection
EndGlobal
