
Microsoft Visual Studio Solution File, Format Version 12.00
# Visual Studio Version 17
VisualStudioVersion = 17.2.32519.379
MinimumVisualStudioVersion = 10.0.40219.1
Project("{FAE04EC0-301F-11D3-BF4B-00C04F79EFBC}") = "Read Base64 Then Execute", "Read Base64 Then Execute\Read Base64 Then Execute.csproj", "{8E55E4AD-A9F7-4FDD-81FD-C6DA69D692AD}"
EndProject
Project("{FAE04EC0-301F-11D3-BF4B-00C04F79EFBC}") = "Write base64", "Write base64\Write base64.csproj", "{386A45D1-2BFB-454B-B2D9-6A843C7F00F8}"
EndProject
Global
	GlobalSection(SolutionConfigurationPlatforms) = preSolution
		Debug|Any CPU = Debug|Any CPU
		Release|Any CPU = Release|Any CPU
	EndGlobalSection
	GlobalSection(ProjectConfigurationPlatforms) = postSolution
		{8E55E4AD-A9F7-4FDD-81FD-C6DA69D692AD}.Debug|Any CPU.ActiveCfg = Debug|Any CPU
		{8E55E4AD-A9F7-4FDD-81FD-C6DA69D692AD}.Debug|Any CPU.Build.0 = Debug|Any CPU
		{8E55E4AD-A9F7-4FDD-81FD-C6DA69D692AD}.Release|Any CPU.ActiveCfg = Release|Any CPU
		{8E55E4AD-A9F7-4FDD-81FD-C6DA69D692AD}.Release|Any CPU.Build.0 = Release|Any CPU
		{386A45D1-2BFB-454B-B2D9-6A843C7F00F8}.Debug|Any CPU.ActiveCfg = Debug|Any CPU
		{386A45D1-2BFB-454B-B2D9-6A843C7F00F8}.Debug|Any CPU.Build.0 = Debug|Any CPU
		{386A45D1-2BFB-454B-B2D9-6A843C7F00F8}.Release|Any CPU.ActiveCfg = Release|Any CPU
		{386A45D1-2BFB-454B-B2D9-6A843C7F00F8}.Release|Any CPU.Build.0 = Release|Any CPU
	EndGlobalSection
	GlobalSection(SolutionProperties) = preSolution
		HideSolutionNode = FALSE
	EndGlobalSection
	GlobalSection(ExtensibilityGlobals) = postSolution
		SolutionGuid = {8A5C37E1-0768-466B-8394-E435F9772167}
	EndGlobalSection
EndGlobal
