
Microsoft Visual Studio Solution File, Format Version 12.00
# Visual Studio Version 17
VisualStudioVersion = 17.2.32519.379
MinimumVisualStudioVersion = 10.0.40219.1
Project("{FAE04EC0-301F-11D3-BF4B-00C04F79EFBC}") = "dictionary attack code basic", "dictionary attack code basic\dictionary attack code basic.csproj", "{D2B56FA4-E414-42D5-A928-553B82FAAEAC}"
EndProject
Global
	GlobalSection(SolutionConfigurationPlatforms) = preSolution
		Debug|Any CPU = Debug|Any CPU
		Release|Any CPU = Release|Any CPU
	EndGlobalSection
	GlobalSection(ProjectConfigurationPlatforms) = postSolution
		{D2B56FA4-E414-42D5-A928-553B82FAAEAC}.Debug|Any CPU.ActiveCfg = Debug|Any CPU
		{D2B56FA4-E414-42D5-A928-553B82FAAEAC}.Debug|Any CPU.Build.0 = Debug|Any CPU
		{D2B56FA4-E414-42D5-A928-553B82FAAEAC}.Release|Any CPU.ActiveCfg = Release|Any CPU
		{D2B56FA4-E414-42D5-A928-553B82FAAEAC}.Release|Any CPU.Build.0 = Release|Any CPU
	EndGlobalSection
	GlobalSection(SolutionProperties) = preSolution
		HideSolutionNode = FALSE
	EndGlobalSection
	GlobalSection(ExtensibilityGlobals) = postSolution
		SolutionGuid = {9910F8D2-F562-4509-9A24-8E08E0F44A6E}
	EndGlobalSection
EndGlobal
